// !$*UTF8*$!
{
	archiveVersion = 1;
	classes = {
	};
	objectVersion = 51;
	objects = {

/* Begin PBXBuildFile section */
		1D460A7623AA98BF00981F36 /* RN4678Response.swift in Sources */ = {isa = PBXBuildFile; fileRef = 1D460A7523AA98BF00981F36 /* RN4678Response.swift */; };
		1DBB319923AA511000DB9085 /* RN4678Command.swift in Sources */ = {isa = PBXBuildFile; fileRef = 1DBB319823AA511000DB9085 /* RN4678Command.swift */; };
		1DBB319B23AA512100DB9085 /* RN4678Manager.swift in Sources */ = {isa = PBXBuildFile; fileRef = 1DBB319A23AA512100DB9085 /* RN4678Manager.swift */; };
		1DBB319D23AA513400DB9085 /* RN4678Characteristics.swift in Sources */ = {isa = PBXBuildFile; fileRef = 1DBB319C23AA513400DB9085 /* RN4678Characteristics.swift */; };
		1DBB319F23AA568900DB9085 /* RN4678ViewController.swift in Sources */ = {isa = PBXBuildFile; fileRef = 1DBB319E23AA568900DB9085 /* RN4678ViewController.swift */; };
		1DFC4E62238FDF3200CB55E6 /* DMiniWriteTagResponse.swift in Sources */ = {isa = PBXBuildFile; fileRef = 1DFC4E61238FDF3200CB55E6 /* DMiniWriteTagResponse.swift */; };
		1DFC4E64239026A500CB55E6 /* DMiniClearRespose.swift in Sources */ = {isa = PBXBuildFile; fileRef = 1DFC4E63239026A500CB55E6 /* DMiniClearRespose.swift */; };
		B237FD052244FDEB006D9099 /* AppDelegate.swift in Sources */ = {isa = PBXBuildFile; fileRef = B237FD042244FDEB006D9099 /* AppDelegate.swift */; };
		B237FD072244FDEB006D9099 /* ViewController.swift in Sources */ = {isa = PBXBuildFile; fileRef = B237FD062244FDEB006D9099 /* ViewController.swift */; };
		B237FD0A2244FDEB006D9099 /* Main.storyboard in Resources */ = {isa = PBXBuildFile; fileRef = B237FD082244FDEB006D9099 /* Main.storyboard */; };
		B237FD0C2244FDEC006D9099 /* Assets.xcassets in Resources */ = {isa = PBXBuildFile; fileRef = B237FD0B2244FDEC006D9099 /* Assets.xcassets */; };
		B237FD0F2244FDEC006D9099 /* LaunchScreen.storyboard in Resources */ = {isa = PBXBuildFile; fileRef = B237FD0D2244FDEC006D9099 /* LaunchScreen.storyboard */; };
		B25194972248E0E1006327F4 /* DMiniCountResponse.swift in Sources */ = {isa = PBXBuildFile; fileRef = B25194962248E0E1006327F4 /* DMiniCountResponse.swift */; };
		B25194A422492243006327F4 /* DMiniCharacteristics.swift in Sources */ = {isa = PBXBuildFile; fileRef = B25194A322492243006327F4 /* DMiniCharacteristics.swift */; };
		B26182CE2246348D008DD6AF /* DMiniCommand.swift in Sources */ = {isa = PBXBuildFile; fileRef = B26182CD2246348D008DD6AF /* DMiniCommand.swift */; };
		B26182D022463D67008DD6AF /* DMiniBLEManager.swift in Sources */ = {isa = PBXBuildFile; fileRef = B26182CF22463D67008DD6AF /* DMiniBLEManager.swift */; };
		B26182D2224643A4008DD6AF /* DMiniTagResponse.swift in Sources */ = {isa = PBXBuildFile; fileRef = B26182D1224643A4008DD6AF /* DMiniTagResponse.swift */; };
		DF33DC2D6C3F1DAFDB8ED82B /* Pods_DemoApp.framework in Frameworks */ = {isa = PBXBuildFile; fileRef = 6744546B7F16FCA9E59974C7 /* Pods_DemoApp.framework */; };
/* End PBXBuildFile section */

/* Begin PBXFileReference section */
		0A6065BE9903B48B58955842 /* Pods-DemoApp.debug.xcconfig */ = {isa = PBXFileReference; includeInIndex = 1; lastKnownFileType = text.xcconfig; name = "Pods-DemoApp.debug.xcconfig"; path = "Pods/Target Support Files/Pods-DemoApp/Pods-DemoApp.debug.xcconfig"; sourceTree = "<group>"; };
		1744898365EAF50BB5852767 /* Pods-DemoApp.release.xcconfig */ = {isa = PBXFileReference; includeInIndex = 1; lastKnownFileType = text.xcconfig; name = "Pods-DemoApp.release.xcconfig"; path = "Pods/Target Support Files/Pods-DemoApp/Pods-DemoApp.release.xcconfig"; sourceTree = "<group>"; };
		1D460A7523AA98BF00981F36 /* RN4678Response.swift */ = {isa = PBXFileReference; lastKnownFileType = sourcecode.swift; path = RN4678Response.swift; sourceTree = "<group>"; };
		1DBB319823AA511000DB9085 /* RN4678Command.swift */ = {isa = PBXFileReference; lastKnownFileType = sourcecode.swift; path = RN4678Command.swift; sourceTree = "<group>"; };
		1DBB319A23AA512100DB9085 /* RN4678Manager.swift */ = {isa = PBXFileReference; lastKnownFileType = sourcecode.swift; path = RN4678Manager.swift; sourceTree = "<group>"; };
		1DBB319C23AA513400DB9085 /* RN4678Characteristics.swift */ = {isa = PBXFileReference; lastKnownFileType = sourcecode.swift; path = RN4678Characteristics.swift; sourceTree = "<group>"; };
		1DBB319E23AA568900DB9085 /* RN4678ViewController.swift */ = {isa = PBXFileReference; lastKnownFileType = sourcecode.swift; path = RN4678ViewController.swift; sourceTree = "<group>"; };
		1DFC4E61238FDF3200CB55E6 /* DMiniWriteTagResponse.swift */ = {isa = PBXFileReference; lastKnownFileType = sourcecode.swift; path = DMiniWriteTagResponse.swift; sourceTree = "<group>"; };
		1DFC4E63239026A500CB55E6 /* DMiniClearRespose.swift */ = {isa = PBXFileReference; lastKnownFileType = sourcecode.swift; path = DMiniClearRespose.swift; sourceTree = "<group>"; };
		6744546B7F16FCA9E59974C7 /* Pods_DemoApp.framework */ = {isa = PBXFileReference; explicitFileType = wrapper.framework; includeInIndex = 0; path = Pods_DemoApp.framework; sourceTree = BUILT_PRODUCTS_DIR; };
		B237FD012244FDEB006D9099 /* DemoApp.app */ = {isa = PBXFileReference; explicitFileType = wrapper.application; includeInIndex = 0; path = DemoApp.app; sourceTree = BUILT_PRODUCTS_DIR; };
		B237FD042244FDEB006D9099 /* AppDelegate.swift */ = {isa = PBXFileReference; lastKnownFileType = sourcecode.swift; path = AppDelegate.swift; sourceTree = "<group>"; };
		B237FD062244FDEB006D9099 /* ViewController.swift */ = {isa = PBXFileReference; lastKnownFileType = sourcecode.swift; path = ViewController.swift; sourceTree = "<group>"; };
		B237FD092244FDEB006D9099 /* Base */ = {isa = PBXFileReference; lastKnownFileType = file.storyboard; name = Base; path = Base.lproj/Main.storyboard; sourceTree = "<group>"; };
		B237FD0B2244FDEC006D9099 /* Assets.xcassets */ = {isa = PBXFileReference; lastKnownFileType = folder.assetcatalog; path = Assets.xcassets; sourceTree = "<group>"; };
		B237FD0E2244FDEC006D9099 /* Base */ = {isa = PBXFileReference; lastKnownFileType = file.storyboard; name = Base; path = Base.lproj/LaunchScreen.storyboard; sourceTree = "<group>"; };
		B237FD102244FDEC006D9099 /* Info.plist */ = {isa = PBXFileReference; lastKnownFileType = text.plist.xml; path = Info.plist; sourceTree = "<group>"; };
		B25194962248E0E1006327F4 /* DMiniCountResponse.swift */ = {isa = PBXFileReference; lastKnownFileType = sourcecode.swift; path = DMiniCountResponse.swift; sourceTree = "<group>"; };
		B25194A322492243006327F4 /* DMiniCharacteristics.swift */ = {isa = PBXFileReference; lastKnownFileType = sourcecode.swift; path = DMiniCharacteristics.swift; sourceTree = "<group>"; };
		B26182CD2246348D008DD6AF /* DMiniCommand.swift */ = {isa = PBXFileReference; lastKnownFileType = sourcecode.swift; path = DMiniCommand.swift; sourceTree = "<group>"; };
		B26182CF22463D67008DD6AF /* DMiniBLEManager.swift */ = {isa = PBXFileReference; lastKnownFileType = sourcecode.swift; path = DMiniBLEManager.swift; sourceTree = "<group>"; };
		B26182D1224643A4008DD6AF /* DMiniTagResponse.swift */ = {isa = PBXFileReference; lastKnownFileType = sourcecode.swift; path = DMiniTagResponse.swift; sourceTree = "<group>"; };
/* End PBXFileReference section */

/* Begin PBXFrameworksBuildPhase section */
		B237FCFE2244FDEB006D9099 /* Frameworks */ = {
			isa = PBXFrameworksBuildPhase;
			buildActionMask = 2147483647;
			files = (
				DF33DC2D6C3F1DAFDB8ED82B /* Pods_DemoApp.framework in Frameworks */,
			);
			runOnlyForDeploymentPostprocessing = 0;
		};
/* End PBXFrameworksBuildPhase section */

/* Begin PBXGroup section */
		1DBB319723AA50FE00DB9085 /* Lets */ = {
			isa = PBXGroup;
			children = (
				1DBB319823AA511000DB9085 /* RN4678Command.swift */,
				1D460A7523AA98BF00981F36 /* RN4678Response.swift */,
				1DBB319C23AA513400DB9085 /* RN4678Characteristics.swift */,
				1DBB319A23AA512100DB9085 /* RN4678Manager.swift */,
			);
			name = Lets;
			sourceTree = "<group>";
		};
		9A126D76EBA8BE97183ED014 /* Pods */ = {
			isa = PBXGroup;
			children = (
				0A6065BE9903B48B58955842 /* Pods-DemoApp.debug.xcconfig */,
				1744898365EAF50BB5852767 /* Pods-DemoApp.release.xcconfig */,
			);
			name = Pods;
			sourceTree = "<group>";
		};
		B237FCF82244FDEB006D9099 = {
			isa = PBXGroup;
			children = (
				B237FD032244FDEB006D9099 /* DemoApp */,
				B237FD022244FDEB006D9099 /* Products */,
				9A126D76EBA8BE97183ED014 /* Pods */,
				C786AF817EC8693DAA9E6382 /* Frameworks */,
			);
			sourceTree = "<group>";
		};
		B237FD022244FDEB006D9099 /* Products */ = {
			isa = PBXGroup;
			children = (
				B237FD012244FDEB006D9099 /* DemoApp.app */,
			);
			name = Products;
			sourceTree = "<group>";
		};
		B237FD032244FDEB006D9099 /* DemoApp */ = {
			isa = PBXGroup;
			children = (
				1DBB319723AA50FE00DB9085 /* Lets */,
				B237FD042244FDEB006D9099 /* AppDelegate.swift */,
				B237FD062244FDEB006D9099 /* ViewController.swift */,
				1DBB319E23AA568900DB9085 /* RN4678ViewController.swift */,
				B237FD0D2244FDEC006D9099 /* LaunchScreen.storyboard */,
				B237FD082244FDEB006D9099 /* Main.storyboard */,
				B237FD0B2244FDEC006D9099 /* Assets.xcassets */,
				B237FD102244FDEC006D9099 /* Info.plist */,
				B2F8BAC122533C7900D2C8D8 /* DMini */,
			);
			path = DemoApp;
			sourceTree = "<group>";
		};
		B2F8BAC122533C7900D2C8D8 /* DMini */ = {
			isa = PBXGroup;
			children = (
				B26182CD2246348D008DD6AF /* DMiniCommand.swift */,
				B26182D1224643A4008DD6AF /* DMiniTagResponse.swift */,
				1DFC4E61238FDF3200CB55E6 /* DMiniWriteTagResponse.swift */,
				1DFC4E63239026A500CB55E6 /* DMiniClearRespose.swift */,
				B25194962248E0E1006327F4 /* DMiniCountResponse.swift */,
				B26182CF22463D67008DD6AF /* DMiniBLEManager.swift */,
				B25194A322492243006327F4 /* DMiniCharacteristics.swift */,
			);
			name = DMini;
			sourceTree = "<group>";
		};
		C786AF817EC8693DAA9E6382 /* Frameworks */ = {
			isa = PBXGroup;
			children = (
				6744546B7F16FCA9E59974C7 /* Pods_DemoApp.framework */,
			);
			name = Frameworks;
			sourceTree = "<group>";
		};
/* End PBXGroup section */

/* Begin PBXNativeTarget section */
		B237FD002244FDEB006D9099 /* DemoApp */ = {
			isa = PBXNativeTarget;
			buildConfigurationList = B237FD132244FDEC006D9099 /* Build configuration list for PBXNativeTarget "DemoApp" */;
			buildPhases = (
				22B58845E9092A1182D683B4 /* [CP] Check Pods Manifest.lock */,
				B237FCFD2244FDEB006D9099 /* Sources */,
				B237FCFE2244FDEB006D9099 /* Frameworks */,
				B237FCFF2244FDEB006D9099 /* Resources */,
				86BB0E360133005FEC6F634A /* [CP] Embed Pods Frameworks */,
			);
			buildRules = (
			);
			dependencies = (
			);
			name = DemoApp;
			productName = DemoApp;
			productReference = B237FD012244FDEB006D9099 /* DemoApp.app */;
			productType = "com.apple.product-type.application";
		};
/* End PBXNativeTarget section */

/* Begin PBXProject section */
		B237FCF92244FDEB006D9099 /* Project object */ = {
			isa = PBXProject;
			attributes = {
				LastSwiftUpdateCheck = 1010;
				LastUpgradeCheck = 1010;
				ORGANIZATIONNAME = ABLE;
				TargetAttributes = {
					B237FD002244FDEB006D9099 = {
						CreatedOnToolsVersion = 10.1;
						LastSwiftMigration = 1030;
						SystemCapabilities = {
							com.apple.BackgroundModes = {
								enabled = 1;
							};
						};
					};
				};
			};
			buildConfigurationList = B237FCFC2244FDEB006D9099 /* Build configuration list for PBXProject "DemoApp" */;
			compatibilityVersion = "Xcode 9.3";
			developmentRegion = en;
			hasScannedForEncodings = 0;
			knownRegions = (
				en,
				Base,
			);
			mainGroup = B237FCF82244FDEB006D9099;
			productRefGroup = B237FD022244FDEB006D9099 /* Products */;
			projectDirPath = "";
			projectRoot = "";
			targets = (
				B237FD002244FDEB006D9099 /* DemoApp */,
			);
		};
/* End PBXProject section */

/* Begin PBXResourcesBuildPhase section */
		B237FCFF2244FDEB006D9099 /* Resources */ = {
			isa = PBXResourcesBuildPhase;
			buildActionMask = 2147483647;
			files = (
				B237FD0F2244FDEC006D9099 /* LaunchScreen.storyboard in Resources */,
				B237FD0C2244FDEC006D9099 /* Assets.xcassets in Resources */,
				B237FD0A2244FDEB006D9099 /* Main.storyboard in Resources */,
			);
			runOnlyForDeploymentPostprocessing = 0;
		};
/* End PBXResourcesBuildPhase section */

/* Begin PBXShellScriptBuildPhase section */
		22B58845E9092A1182D683B4 /* [CP] Check Pods Manifest.lock */ = {
			isa = PBXShellScriptBuildPhase;
			buildActionMask = 2147483647;
			files = (
			);
			inputPaths = (
				"${PODS_PODFILE_DIR_PATH}/Podfile.lock",
				"${PODS_ROOT}/Manifest.lock",
			);
			name = "[CP] Check Pods Manifest.lock";
			outputPaths = (
				"$(DERIVED_FILE_DIR)/Pods-DemoApp-checkManifestLockResult.txt",
			);
			runOnlyForDeploymentPostprocessing = 0;
			shellPath = /bin/sh;
			shellScript = "diff \"${PODS_PODFILE_DIR_PATH}/Podfile.lock\" \"${PODS_ROOT}/Manifest.lock\" > /dev/null\nif [ $? != 0 ] ; then\n    # print error to STDERR\n    echo \"error: The sandbox is not in sync with the Podfile.lock. Run 'pod install' or update your CocoaPods installation.\" >&2\n    exit 1\nfi\n# This output is used by Xcode 'outputs' to avoid re-running this script phase.\necho \"SUCCESS\" > \"${SCRIPT_OUTPUT_FILE_0}\"\n";
			showEnvVarsInLog = 0;
		};
		86BB0E360133005FEC6F634A /* [CP] Embed Pods Frameworks */ = {
			isa = PBXShellScriptBuildPhase;
			buildActionMask = 2147483647;
			files = (
			);
			inputFileListPaths = (
				"${PODS_ROOT}/Target Support Files/Pods-DemoApp/Pods-DemoApp-frameworks-${CONFIGURATION}-input-files.xcfilelist",
			);
			name = "[CP] Embed Pods Frameworks";
			outputFileListPaths = (
				"${PODS_ROOT}/Target Support Files/Pods-DemoApp/Pods-DemoApp-frameworks-${CONFIGURATION}-output-files.xcfilelist",
			);
			runOnlyForDeploymentPostprocessing = 0;
			shellPath = /bin/sh;
			shellScript = "\"${PODS_ROOT}/Target Support Files/Pods-DemoApp/Pods-DemoApp-frameworks.sh\"\n";
			showEnvVarsInLog = 0;
		};
/* End PBXShellScriptBuildPhase section */

/* Begin PBXSourcesBuildPhase section */
		B237FCFD2244FDEB006D9099 /* Sources */ = {
			isa = PBXSourcesBuildPhase;
			buildActionMask = 2147483647;
			files = (
				B237FD072244FDEB006D9099 /* ViewController.swift in Sources */,
				1DBB319923AA511000DB9085 /* RN4678Command.swift in Sources */,
				B26182CE2246348D008DD6AF /* DMiniCommand.swift in Sources */,
				B25194A422492243006327F4 /* DMiniCharacteristics.swift in Sources */,
				B237FD052244FDEB006D9099 /* AppDelegate.swift in Sources */,
				B26182D022463D67008DD6AF /* DMiniBLEManager.swift in Sources */,
				1D460A7623AA98BF00981F36 /* RN4678Response.swift in Sources */,
				1DBB319F23AA568900DB9085 /* RN4678ViewController.swift in Sources */,
				1DFC4E62238FDF3200CB55E6 /* DMiniWriteTagResponse.swift in Sources */,
				B25194972248E0E1006327F4 /* DMiniCountResponse.swift in Sources */,
				1DBB319D23AA513400DB9085 /* RN4678Characteristics.swift in Sources */,
				1DFC4E64239026A500CB55E6 /* DMiniClearRespose.swift in Sources */,
				B26182D2224643A4008DD6AF /* DMiniTagResponse.swift in Sources */,
				1DBB319B23AA512100DB9085 /* RN4678Manager.swift in Sources */,
			);
			runOnlyForDeploymentPostprocessing = 0;
		};
/* End PBXSourcesBuildPhase section */

/* Begin PBXVariantGroup section */
		B237FD082244FDEB006D9099 /* Main.storyboard */ = {
			isa = PBXVariantGroup;
			children = (
				B237FD092244FDEB006D9099 /* Base */,
			);
			name = Main.storyboard;
			sourceTree = "<group>";
		};
		B237FD0D2244FDEC006D9099 /* LaunchScreen.storyboard */ = {
			isa = PBXVariantGroup;
			children = (
				B237FD0E2244FDEC006D9099 /* Base */,
			);
			name = LaunchScreen.storyboard;
			sourceTree = "<group>";
		};
/* End PBXVariantGroup section */

/* Begin XCBuildConfiguration section */
		B237FD112244FDEC006D9099 /* Debug */ = {
			isa = XCBuildConfiguration;
			buildSettings = {
				ALWAYS_SEARCH_USER_PATHS = NO;
				CLANG_ANALYZER_NONNULL = YES;
				CLANG_ANALYZER_NUMBER_OBJECT_CONVERSION = YES_AGGRESSIVE;
				CLANG_CXX_LANGUAGE_STANDARD = "gnu++14";
				CLANG_CXX_LIBRARY = "libc++";
				CLANG_ENABLE_MODULES = YES;
				CLANG_ENABLE_OBJC_ARC = YES;
				CLANG_ENABLE_OBJC_WEAK = YES;
				CLANG_WARN_BLOCK_CAPTURE_AUTORELEASING = YES;
				CLANG_WARN_BOOL_CONVERSION = YES;
				CLANG_WARN_COMMA = YES;
				CLANG_WARN_CONSTANT_CONVERSION = YES;
				CLANG_WARN_DEPRECATED_OBJC_IMPLEMENTATIONS = YES;
				CLANG_WARN_DIRECT_OBJC_ISA_USAGE = YES_ERROR;
				CLANG_WARN_DOCUMENTATION_COMMENTS = YES;
				CLANG_WARN_EMPTY_BODY = YES;
				CLANG_WARN_ENUM_CONVERSION = YES;
				CLANG_WARN_INFINITE_RECURSION = YES;
				CLANG_WARN_INT_CONVERSION = YES;
				CLANG_WARN_NON_LITERAL_NULL_CONVERSION = YES;
				CLANG_WARN_OBJC_IMPLICIT_RETAIN_SELF = YES;
				CLANG_WARN_OBJC_LITERAL_CONVERSION = YES;
				CLANG_WARN_OBJC_ROOT_CLASS = YES_ERROR;
				CLANG_WARN_RANGE_LOOP_ANALYSIS = YES;
				CLANG_WARN_STRICT_PROTOTYPES = YES;
				CLANG_WARN_SUSPICIOUS_MOVE = YES;
				CLANG_WARN_UNGUARDED_AVAILABILITY = YES_AGGRESSIVE;
				CLANG_WARN_UNREACHABLE_CODE = YES;
				CLANG_WARN__DUPLICATE_METHOD_MATCH = YES;
				CODE_SIGN_IDENTITY = "iPhone Developer";
				COPY_PHASE_STRIP = NO;
				DEBUG_INFORMATION_FORMAT = dwarf;
				ENABLE_STRICT_OBJC_MSGSEND = YES;
				ENABLE_TESTABILITY = YES;
				GCC_C_LANGUAGE_STANDARD = gnu11;
				GCC_DYNAMIC_NO_PIC = NO;
				GCC_NO_COMMON_BLOCKS = YES;
				GCC_OPTIMIZATION_LEVEL = 0;
				GCC_PREPROCESSOR_DEFINITIONS = (
					"DEBUG=1",
					"$(inherited)",
				);
				GCC_WARN_64_TO_32_BIT_CONVERSION = YES;
				GCC_WARN_ABOUT_RETURN_TYPE = YES_ERROR;
				GCC_WARN_UNDECLARED_SELECTOR = YES;
				GCC_WARN_UNINITIALIZED_AUTOS = YES_AGGRESSIVE;
				GCC_WARN_UNUSED_FUNCTION = YES;
				GCC_WARN_UNUSED_VARIABLE = YES;
				IPHONEOS_DEPLOYMENT_TARGET = 12.1;
				MTL_ENABLE_DEBUG_INFO = INCLUDE_SOURCE;
				MTL_FAST_MATH = YES;
				ONLY_ACTIVE_ARCH = YES;
				SDKROOT = iphoneos;
				SWIFT_ACTIVE_COMPILATION_CONDITIONS = DEBUG;
				SWIFT_OPTIMIZATION_LEVEL = "-Onone";
			};
			name = Debug;
		};
		B237FD122244FDEC006D9099 /* Release */ = {
			isa = XCBuildConfiguration;
			buildSettings = {
				ALWAYS_SEARCH_USER_PATHS = NO;
				CLANG_ANALYZER_NONNULL = YES;
				CLANG_ANALYZER_NUMBER_OBJECT_CONVERSION = YES_AGGRESSIVE;
				CLANG_CXX_LANGUAGE_STANDARD = "gnu++14";
				CLANG_CXX_LIBRARY = "libc++";
				CLANG_ENABLE_MODULES = YES;
				CLANG_ENABLE_OBJC_ARC = YES;
				CLANG_ENABLE_OBJC_WEAK = YES;
				CLANG_WARN_BLOCK_CAPTURE_AUTORELEASING = YES;
				CLANG_WARN_BOOL_CONVERSION = YES;
				CLANG_WARN_COMMA = YES;
				CLANG_WARN_CONSTANT_CONVERSION = YES;
				CLANG_WARN_DEPRECATED_OBJC_IMPLEMENTATIONS = YES;
				CLANG_WARN_DIRECT_OBJC_ISA_USAGE = YES_ERROR;
				CLANG_WARN_DOCUMENTATION_COMMENTS = YES;
				CLANG_WARN_EMPTY_BODY = YES;
				CLANG_WARN_ENUM_CONVERSION = YES;
				CLANG_WARN_INFINITE_RECURSION = YES;
				CLANG_WARN_INT_CONVERSION = YES;
				CLANG_WARN_NON_LITERAL_NULL_CONVERSION = YES;
				CLANG_WARN_OBJC_IMPLICIT_RETAIN_SELF = YES;
				CLANG_WARN_OBJC_LITERAL_CONVERSION = YES;
				CLANG_WARN_OBJC_ROOT_CLASS = YES_ERROR;
				CLANG_WARN_RANGE_LOOP_ANALYSIS = YES;
				CLANG_WARN_STRICT_PROTOTYPES = YES;
				CLANG_WARN_SUSPICIOUS_MOVE = YES;
				CLANG_WARN_UNGUARDED_AVAILABILITY = YES_AGGRESSIVE;
				CLANG_WARN_UNREACHABLE_CODE = YES;
				CLANG_WARN__DUPLICATE_METHOD_MATCH = YES;
				CODE_SIGN_IDENTITY = "iPhone Developer";
				COPY_PHASE_STRIP = NO;
				DEBUG_INFORMATION_FORMAT = "dwarf-with-dsym";
				ENABLE_NS_ASSERTIONS = NO;
				ENABLE_STRICT_OBJC_MSGSEND = YES;
				GCC_C_LANGUAGE_STANDARD = gnu11;
				GCC_NO_COMMON_BLOCKS = YES;
				GCC_WARN_64_TO_32_BIT_CONVERSION = YES;
				GCC_WARN_ABOUT_RETURN_TYPE = YES_ERROR;
				GCC_WARN_UNDECLARED_SELECTOR = YES;
				GCC_WARN_UNINITIALIZED_AUTOS = YES_AGGRESSIVE;
				GCC_WARN_UNUSED_FUNCTION = YES;
				GCC_WARN_UNUSED_VARIABLE = YES;
				IPHONEOS_DEPLOYMENT_TARGET = 12.1;
				MTL_ENABLE_DEBUG_INFO = NO;
				MTL_FAST_MATH = YES;
				SDKROOT = iphoneos;
				SWIFT_COMPILATION_MODE = wholemodule;
				SWIFT_OPTIMIZATION_LEVEL = "-O";
				VALIDATE_PRODUCT = YES;
			};
			name = Release;
		};
		B237FD142244FDEC006D9099 /* Debug */ = {
			isa = XCBuildConfiguration;
			baseConfigurationReference = 0A6065BE9903B48B58955842 /* Pods-DemoApp.debug.xcconfig */;
			buildSettings = {
				ASSETCATALOG_COMPILER_APPICON_NAME = AppIcon;
				CODE_SIGN_STYLE = Automatic;
				DEVELOPMENT_TEAM = 42EAQ8DVJ4;
				INFOPLIST_FILE = DemoApp/Info.plist;
				LD_RUNPATH_SEARCH_PATHS = (
					"$(inherited)",
					"@executable_path/Frameworks",
				);
				PRODUCT_BUNDLE_IDENTIFIER = com.able.DemoApp;
				PRODUCT_NAME = "$(TARGET_NAME)";
				SWIFT_VERSION = 5.0;
				TARGETED_DEVICE_FAMILY = "1,2";
			};
			name = Debug;
		};
		B237FD152244FDEC006D9099 /* Release */ = {
			isa = XCBuildConfiguration;
			baseConfigurationReference = 1744898365EAF50BB5852767 /* Pods-DemoApp.release.xcconfig */;
			buildSettings = {
				ASSETCATALOG_COMPILER_APPICON_NAME = AppIcon;
				CODE_SIGN_STYLE = Automatic;
				DEVELOPMENT_TEAM = 42EAQ8DVJ4;
				INFOPLIST_FILE = DemoApp/Info.plist;
				LD_RUNPATH_SEARCH_PATHS = (
					"$(inherited)",
					"@executable_path/Frameworks",
				);
				PRODUCT_BUNDLE_IDENTIFIER = com.able.DemoApp;
				PRODUCT_NAME = "$(TARGET_NAME)";
				SWIFT_VERSION = 5.0;
				TARGETED_DEVICE_FAMILY = "1,2";
			};
			name = Release;
		};
/* End XCBuildConfiguration section */

/* Begin XCConfigurationList section */
		B237FCFC2244FDEB006D9099 /* Build configuration list for PBXProject "DemoApp" */ = {
			isa = XCConfigurationList;
			buildConfigurations = (
				B237FD112244FDEC006D9099 /* Debug */,
				B237FD122244FDEC006D9099 /* Release */,
			);
			defaultConfigurationIsVisible = 0;
			defaultConfigurationName = Release;
		};
		B237FD132244FDEC006D9099 /* Build configuration list for PBXNativeTarget "DemoApp" */ = {
			isa = XCConfigurationList;
			buildConfigurations = (
				B237FD142244FDEC006D9099 /* Debug */,
				B237FD152244FDEC006D9099 /* Release */,
			);
			defaultConfigurationIsVisible = 0;
			defaultConfigurationName = Release;
		};
/* End XCConfigurationList section */
	};
	rootObject = B237FCF92244FDEB006D9099 /* Project object */;
}
