// !$*UTF8*$!
{
	archiveVersion = 1;
	classes = {
	};
	objectVersion = 50;
	objects = {

/* Begin PBXBuildFile section */
		B252DF7D2244F6C6009207E8 /* AppDelegate.swift in Sources */ = {isa = PBXBuildFile; fileRef = B252DF7C2244F6C6009207E8 /* AppDelegate.swift */; };
		B252DF7F2244F6C6009207E8 /* ViewController.swift in Sources */ = {isa = PBXBuildFile; fileRef = B252DF7E2244F6C6009207E8 /* ViewController.swift */; };
		B252DF822244F6C6009207E8 /* Main.storyboard in Resources */ = {isa = PBXBuildFile; fileRef = B252DF802244F6C6009207E8 /* Main.storyboard */; };
		B252DF842244F6C7009207E8 /* Assets.xcassets in Resources */ = {isa = PBXBuildFile; fileRef = B252DF832244F6C7009207E8 /* Assets.xcassets */; };
		B252DF872244F6C7009207E8 /* LaunchScreen.storyboard in Resources */ = {isa = PBXBuildFile; fileRef = B252DF852244F6C7009207E8 /* LaunchScreen.storyboard */; };
		B252DF922244F6C7009207E8 /* A_BLEManagerTests.swift in Sources */ = {isa = PBXBuildFile; fileRef = B252DF912244F6C7009207E8 /* A_BLEManagerTests.swift */; };
/* End PBXBuildFile section */

/* Begin PBXContainerItemProxy section */
		B252DF8E2244F6C7009207E8 /* PBXContainerItemProxy */ = {
			isa = PBXContainerItemProxy;
			containerPortal = B252DF712244F6C6009207E8 /* Project object */;
			proxyType = 1;
			remoteGlobalIDString = B252DF782244F6C6009207E8;
			remoteInfo = "A-BLEManager";
		};
/* End PBXContainerItemProxy section */

/* Begin PBXFileReference section */
		B252DF792244F6C6009207E8 /* A-BLEManager.app */ = {isa = PBXFileReference; explicitFileType = wrapper.application; includeInIndex = 0; path = "A-BLEManager.app"; sourceTree = BUILT_PRODUCTS_DIR; };
		B252DF7C2244F6C6009207E8 /* AppDelegate.swift */ = {isa = PBXFileReference; lastKnownFileType = sourcecode.swift; path = AppDelegate.swift; sourceTree = "<group>"; };
		B252DF7E2244F6C6009207E8 /* ViewController.swift */ = {isa = PBXFileReference; lastKnownFileType = sourcecode.swift; path = ViewController.swift; sourceTree = "<group>"; };
		B252DF812244F6C6009207E8 /* Base */ = {isa = PBXFileReference; lastKnownFileType = file.storyboard; name = Base; path = Base.lproj/Main.storyboard; sourceTree = "<group>"; };
		B252DF832244F6C7009207E8 /* Assets.xcassets */ = {isa = PBXFileReference; lastKnownFileType = folder.assetcatalog; path = Assets.xcassets; sourceTree = "<group>"; };
		B252DF862244F6C7009207E8 /* Base */ = {isa = PBXFileReference; lastKnownFileType = file.storyboard; name = Base; path = Base.lproj/LaunchScreen.storyboard; sourceTree = "<group>"; };
		B252DF882244F6C7009207E8 /* Info.plist */ = {isa = PBXFileReference; lastKnownFileType = text.plist.xml; path = Info.plist; sourceTree = "<group>"; };
		B252DF8D2244F6C7009207E8 /* A-BLEManagerTests.xctest */ = {isa = PBXFileReference; explicitFileType = wrapper.cfbundle; includeInIndex = 0; path = "A-BLEManagerTests.xctest"; sourceTree = BUILT_PRODUCTS_DIR; };
		B252DF912244F6C7009207E8 /* A_BLEManagerTests.swift */ = {isa = PBXFileReference; lastKnownFileType = sourcecode.swift; path = A_BLEManagerTests.swift; sourceTree = "<group>"; };
		B252DF932244F6C7009207E8 /* Info.plist */ = {isa = PBXFileReference; lastKnownFileType = text.plist.xml; path = Info.plist; sourceTree = "<group>"; };
/* End PBXFileReference section */

/* Begin PBXFrameworksBuildPhase section */
		B252DF762244F6C6009207E8 /* Frameworks */ = {
			isa = PBXFrameworksBuildPhase;
			buildActionMask = 2147483647;
			files = (
			);
			runOnlyForDeploymentPostprocessing = 0;
		};
		B252DF8A2244F6C7009207E8 /* Frameworks */ = {
			isa = PBXFrameworksBuildPhase;
			buildActionMask = 2147483647;
			files = (
			);
			runOnlyForDeploymentPostprocessing = 0;
		};
/* End PBXFrameworksBuildPhase section */

/* Begin PBXGroup section */
		B252DF702244F6C6009207E8 = {
			isa = PBXGroup;
			children = (
				B252DF7B2244F6C6009207E8 /* A-BLEManager */,
				B252DF902244F6C7009207E8 /* A-BLEManagerTests */,
				B252DF7A2244F6C6009207E8 /* Products */,
			);
			sourceTree = "<group>";
		};
		B252DF7A2244F6C6009207E8 /* Products */ = {
			isa = PBXGroup;
			children = (
				B252DF792244F6C6009207E8 /* A-BLEManager.app */,
				B252DF8D2244F6C7009207E8 /* A-BLEManagerTests.xctest */,
			);
			name = Products;
			sourceTree = "<group>";
		};
		B252DF7B2244F6C6009207E8 /* A-BLEManager */ = {
			isa = PBXGroup;
			children = (
				B252DF7C2244F6C6009207E8 /* AppDelegate.swift */,
				B252DF7E2244F6C6009207E8 /* ViewController.swift */,
				B252DF802244F6C6009207E8 /* Main.storyboard */,
				B252DF832244F6C7009207E8 /* Assets.xcassets */,
				B252DF852244F6C7009207E8 /* LaunchScreen.storyboard */,
				B252DF882244F6C7009207E8 /* Info.plist */,
			);
			path = "A-BLEManager";
			sourceTree = "<group>";
		};
		B252DF902244F6C7009207E8 /* A-BLEManagerTests */ = {
			isa = PBXGroup;
			children = (
				B252DF912244F6C7009207E8 /* A_BLEManagerTests.swift */,
				B252DF932244F6C7009207E8 /* Info.plist */,
			);
			path = "A-BLEManagerTests";
			sourceTree = "<group>";
		};
/* End PBXGroup section */

/* Begin PBXNativeTarget section */
		B252DF782244F6C6009207E8 /* A-BLEManager */ = {
			isa = PBXNativeTarget;
			buildConfigurationList = B252DF962244F6C7009207E8 /* Build configuration list for PBXNativeTarget "A-BLEManager" */;
			buildPhases = (
				B252DF752244F6C6009207E8 /* Sources */,
				B252DF762244F6C6009207E8 /* Frameworks */,
				B252DF772244F6C6009207E8 /* Resources */,
			);
			buildRules = (
			);
			dependencies = (
			);
			name = "A-BLEManager";
			productName = "A-BLEManager";
			productReference = B252DF792244F6C6009207E8 /* A-BLEManager.app */;
			productType = "com.apple.product-type.application";
		};
		B252DF8C2244F6C7009207E8 /* A-BLEManagerTests */ = {
			isa = PBXNativeTarget;
			buildConfigurationList = B252DF992244F6C7009207E8 /* Build configuration list for PBXNativeTarget "A-BLEManagerTests" */;
			buildPhases = (
				B252DF892244F6C7009207E8 /* Sources */,
				B252DF8A2244F6C7009207E8 /* Frameworks */,
				B252DF8B2244F6C7009207E8 /* Resources */,
			);
			buildRules = (
			);
			dependencies = (
				B252DF8F2244F6C7009207E8 /* PBXTargetDependency */,
			);
			name = "A-BLEManagerTests";
			productName = "A-BLEManagerTests";
			productReference = B252DF8D2244F6C7009207E8 /* A-BLEManagerTests.xctest */;
			productType = "com.apple.product-type.bundle.unit-test";
		};
/* End PBXNativeTarget section */

/* Begin PBXProject section */
		B252DF712244F6C6009207E8 /* Project object */ = {
			isa = PBXProject;
			attributes = {
				LastSwiftUpdateCheck = 1010;
				LastUpgradeCheck = 1010;
				ORGANIZATIONNAME = ABLE;
				TargetAttributes = {
					B252DF782244F6C6009207E8 = {
						CreatedOnToolsVersion = 10.1;
					};
					B252DF8C2244F6C7009207E8 = {
						CreatedOnToolsVersion = 10.1;
						TestTargetID = B252DF782244F6C6009207E8;
					};
				};
			};
			buildConfigurationList = B252DF742244F6C6009207E8 /* Build configuration list for PBXProject "A-BLEManager" */;
			compatibilityVersion = "Xcode 9.3";
			developmentRegion = en;
			hasScannedForEncodings = 0;
			knownRegions = (
				en,
				Base,
			);
			mainGroup = B252DF702244F6C6009207E8;
			productRefGroup = B252DF7A2244F6C6009207E8 /* Products */;
			projectDirPath = "";
			projectRoot = "";
			targets = (
				B252DF782244F6C6009207E8 /* A-BLEManager */,
				B252DF8C2244F6C7009207E8 /* A-BLEManagerTests */,
			);
		};
/* End PBXProject section */

/* Begin PBXResourcesBuildPhase section */
		B252DF772244F6C6009207E8 /* Resources */ = {
			isa = PBXResourcesBuildPhase;
			buildActionMask = 2147483647;
			files = (
				B252DF872244F6C7009207E8 /* LaunchScreen.storyboard in Resources */,
				B252DF842244F6C7009207E8 /* Assets.xcassets in Resources */,
				B252DF822244F6C6009207E8 /* Main.storyboard in Resources */,
			);
			runOnlyForDeploymentPostprocessing = 0;
		};
		B252DF8B2244F6C7009207E8 /* Resources */ = {
			isa = PBXResourcesBuildPhase;
			buildActionMask = 2147483647;
			files = (
			);
			runOnlyForDeploymentPostprocessing = 0;
		};
/* End PBXResourcesBuildPhase section */

/* Begin PBXSourcesBuildPhase section */
		B252DF752244F6C6009207E8 /* Sources */ = {
			isa = PBXSourcesBuildPhase;
			buildActionMask = 2147483647;
			files = (
				B252DF7F2244F6C6009207E8 /* ViewController.swift in Sources */,
				B252DF7D2244F6C6009207E8 /* AppDelegate.swift in Sources */,
			);
			runOnlyForDeploymentPostprocessing = 0;
		};
		B252DF892244F6C7009207E8 /* Sources */ = {
			isa = PBXSourcesBuildPhase;
			buildActionMask = 2147483647;
			files = (
				B252DF922244F6C7009207E8 /* A_BLEManagerTests.swift in Sources */,
			);
			runOnlyForDeploymentPostprocessing = 0;
		};
/* End PBXSourcesBuildPhase section */

/* Begin PBXTargetDependency section */
		B252DF8F2244F6C7009207E8 /* PBXTargetDependency */ = {
			isa = PBXTargetDependency;
			target = B252DF782244F6C6009207E8 /* A-BLEManager */;
			targetProxy = B252DF8E2244F6C7009207E8 /* PBXContainerItemProxy */;
		};
/* End PBXTargetDependency section */

/* Begin PBXVariantGroup section */
		B252DF802244F6C6009207E8 /* Main.storyboard */ = {
			isa = PBXVariantGroup;
			children = (
				B252DF812244F6C6009207E8 /* Base */,
			);
			name = Main.storyboard;
			sourceTree = "<group>";
		};
		B252DF852244F6C7009207E8 /* LaunchScreen.storyboard */ = {
			isa = PBXVariantGroup;
			children = (
				B252DF862244F6C7009207E8 /* Base */,
			);
			name = LaunchScreen.storyboard;
			sourceTree = "<group>";
		};
/* End PBXVariantGroup section */

/* Begin XCBuildConfiguration section */
		B252DF942244F6C7009207E8 /* Debug */ = {
			isa = XCBuildConfiguration;
			buildSettings = {
				ALWAYS_SEARCH_USER_PATHS = NO;
				CLANG_ANALYZER_NONNULL = YES;
				CLANG_ANALYZER_NUMBER_OBJECT_CONVERSION = YES_AGGRESSIVE;
				CLANG_CXX_LANGUAGE_STANDARD = "gnu++14";
				CLANG_CXX_LIBRARY = "libc++";
				CLANG_ENABLE_MODULES = YES;
				CLANG_ENABLE_OBJC_ARC = YES;
				CLANG_ENABLE_OBJC_WEAK = YES;
				CLANG_WARN_BLOCK_CAPTURE_AUTORELEASING = YES;
				CLANG_WARN_BOOL_CONVERSION = YES;
				CLANG_WARN_COMMA = YES;
				CLANG_WARN_CONSTANT_CONVERSION = YES;
				CLANG_WARN_DEPRECATED_OBJC_IMPLEMENTATIONS = YES;
				CLANG_WARN_DIRECT_OBJC_ISA_USAGE = YES_ERROR;
				CLANG_WARN_DOCUMENTATION_COMMENTS = YES;
				CLANG_WARN_EMPTY_BODY = YES;
				CLANG_WARN_ENUM_CONVERSION = YES;
				CLANG_WARN_INFINITE_RECURSION = YES;
				CLANG_WARN_INT_CONVERSION = YES;
				CLANG_WARN_NON_LITERAL_NULL_CONVERSION = YES;
				CLANG_WARN_OBJC_IMPLICIT_RETAIN_SELF = YES;
				CLANG_WARN_OBJC_LITERAL_CONVERSION = YES;
				CLANG_WARN_OBJC_ROOT_CLASS = YES_ERROR;
				CLANG_WARN_RANGE_LOOP_ANALYSIS = YES;
				CLANG_WARN_STRICT_PROTOTYPES = YES;
				CLANG_WARN_SUSPICIOUS_MOVE = YES;
				CLANG_WARN_UNGUARDED_AVAILABILITY = YES_AGGRESSIVE;
				CLANG_WARN_UNREACHABLE_CODE = YES;
				CLANG_WARN__DUPLICATE_METHOD_MATCH = YES;
				CODE_SIGN_IDENTITY = "iPhone Developer";
				COPY_PHASE_STRIP = NO;
				DEBUG_INFORMATION_FORMAT = dwarf;
				ENABLE_STRICT_OBJC_MSGSEND = YES;
				ENABLE_TESTABILITY = YES;
				GCC_C_LANGUAGE_STANDARD = gnu11;
				GCC_DYNAMIC_NO_PIC = NO;
				GCC_NO_COMMON_BLOCKS = YES;
				GCC_OPTIMIZATION_LEVEL = 0;
				GCC_PREPROCESSOR_DEFINITIONS = (
					"DEBUG=1",
					"$(inherited)",
				);
				GCC_WARN_64_TO_32_BIT_CONVERSION = YES;
				GCC_WARN_ABOUT_RETURN_TYPE = YES_ERROR;
				GCC_WARN_UNDECLARED_SELECTOR = YES;
				GCC_WARN_UNINITIALIZED_AUTOS = YES_AGGRESSIVE;
				GCC_WARN_UNUSED_FUNCTION = YES;
				GCC_WARN_UNUSED_VARIABLE = YES;
				IPHONEOS_DEPLOYMENT_TARGET = 12.1;
				MTL_ENABLE_DEBUG_INFO = INCLUDE_SOURCE;
				MTL_FAST_MATH = YES;
				ONLY_ACTIVE_ARCH = YES;
				SDKROOT = iphoneos;
				SWIFT_ACTIVE_COMPILATION_CONDITIONS = DEBUG;
				SWIFT_OPTIMIZATION_LEVEL = "-Onone";
			};
			name = Debug;
		};
		B252DF952244F6C7009207E8 /* Release */ = {
			isa = XCBuildConfiguration;
			buildSettings = {
				ALWAYS_SEARCH_USER_PATHS = NO;
				CLANG_ANALYZER_NONNULL = YES;
				CLANG_ANALYZER_NUMBER_OBJECT_CONVERSION = YES_AGGRESSIVE;
				CLANG_CXX_LANGUAGE_STANDARD = "gnu++14";
				CLANG_CXX_LIBRARY = "libc++";
				CLANG_ENABLE_MODULES = YES;
				CLANG_ENABLE_OBJC_ARC = YES;
				CLANG_ENABLE_OBJC_WEAK = YES;
				CLANG_WARN_BLOCK_CAPTURE_AUTORELEASING = YES;
				CLANG_WARN_BOOL_CONVERSION = YES;
				CLANG_WARN_COMMA = YES;
				CLANG_WARN_CONSTANT_CONVERSION = YES;
				CLANG_WARN_DEPRECATED_OBJC_IMPLEMENTATIONS = YES;
				CLANG_WARN_DIRECT_OBJC_ISA_USAGE = YES_ERROR;
				CLANG_WARN_DOCUMENTATION_COMMENTS = YES;
				CLANG_WARN_EMPTY_BODY = YES;
				CLANG_WARN_ENUM_CONVERSION = YES;
				CLANG_WARN_INFINITE_RECURSION = YES;
				CLANG_WARN_INT_CONVERSION = YES;
				CLANG_WARN_NON_LITERAL_NULL_CONVERSION = YES;
				CLANG_WARN_OBJC_IMPLICIT_RETAIN_SELF = YES;
				CLANG_WARN_OBJC_LITERAL_CONVERSION = YES;
				CLANG_WARN_OBJC_ROOT_CLASS = YES_ERROR;
				CLANG_WARN_RANGE_LOOP_ANALYSIS = YES;
				CLANG_WARN_STRICT_PROTOTYPES = YES;
				CLANG_WARN_SUSPICIOUS_MOVE = YES;
				CLANG_WARN_UNGUARDED_AVAILABILITY = YES_AGGRESSIVE;
				CLANG_WARN_UNREACHABLE_CODE = YES;
				CLANG_WARN__DUPLICATE_METHOD_MATCH = YES;
				CODE_SIGN_IDENTITY = "iPhone Developer";
				COPY_PHASE_STRIP = NO;
				DEBUG_INFORMATION_FORMAT = "dwarf-with-dsym";
				ENABLE_NS_ASSERTIONS = NO;
				ENABLE_STRICT_OBJC_MSGSEND = YES;
				GCC_C_LANGUAGE_STANDARD = gnu11;
				GCC_NO_COMMON_BLOCKS = YES;
				GCC_WARN_64_TO_32_BIT_CONVERSION = YES;
				GCC_WARN_ABOUT_RETURN_TYPE = YES_ERROR;
				GCC_WARN_UNDECLARED_SELECTOR = YES;
				GCC_WARN_UNINITIALIZED_AUTOS = YES_AGGRESSIVE;
				GCC_WARN_UNUSED_FUNCTION = YES;
				GCC_WARN_UNUSED_VARIABLE = YES;
				IPHONEOS_DEPLOYMENT_TARGET = 12.1;
				MTL_ENABLE_DEBUG_INFO = NO;
				MTL_FAST_MATH = YES;
				SDKROOT = iphoneos;
				SWIFT_COMPILATION_MODE = wholemodule;
				SWIFT_OPTIMIZATION_LEVEL = "-O";
				VALIDATE_PRODUCT = YES;
			};
			name = Release;
		};
		B252DF972244F6C7009207E8 /* Debug */ = {
			isa = XCBuildConfiguration;
			buildSettings = {
				ASSETCATALOG_COMPILER_APPICON_NAME = AppIcon;
				CODE_SIGN_STYLE = Automatic;
				DEVELOPMENT_TEAM = 42EAQ8DVJ4;
				INFOPLIST_FILE = "A-BLEManager/Info.plist";
				LD_RUNPATH_SEARCH_PATHS = (
					"$(inherited)",
					"@executable_path/Frameworks",
				);
				PRODUCT_BUNDLE_IDENTIFIER = "com.able.A-BLEManager";
				PRODUCT_NAME = "$(TARGET_NAME)";
				SWIFT_VERSION = 4.2;
				TARGETED_DEVICE_FAMILY = "1,2";
			};
			name = Debug;
		};
		B252DF982244F6C7009207E8 /* Release */ = {
			isa = XCBuildConfiguration;
			buildSettings = {
				ASSETCATALOG_COMPILER_APPICON_NAME = AppIcon;
				CODE_SIGN_STYLE = Automatic;
				DEVELOPMENT_TEAM = 42EAQ8DVJ4;
				INFOPLIST_FILE = "A-BLEManager/Info.plist";
				LD_RUNPATH_SEARCH_PATHS = (
					"$(inherited)",
					"@executable_path/Frameworks",
				);
				PRODUCT_BUNDLE_IDENTIFIER = "com.able.A-BLEManager";
				PRODUCT_NAME = "$(TARGET_NAME)";
				SWIFT_VERSION = 4.2;
				TARGETED_DEVICE_FAMILY = "1,2";
			};
			name = Release;
		};
		B252DF9A2244F6C7009207E8 /* Debug */ = {
			isa = XCBuildConfiguration;
			buildSettings = {
				ALWAYS_EMBED_SWIFT_STANDARD_LIBRARIES = YES;
				BUNDLE_LOADER = "$(TEST_HOST)";
				CODE_SIGN_STYLE = Automatic;
				DEVELOPMENT_TEAM = 42EAQ8DVJ4;
				INFOPLIST_FILE = "A-BLEManagerTests/Info.plist";
				LD_RUNPATH_SEARCH_PATHS = (
					"$(inherited)",
					"@executable_path/Frameworks",
					"@loader_path/Frameworks",
				);
				PRODUCT_BUNDLE_IDENTIFIER = "com.able.A-BLEManagerTests";
				PRODUCT_NAME = "$(TARGET_NAME)";
				SWIFT_VERSION = 4.2;
				TARGETED_DEVICE_FAMILY = "1,2";
				TEST_HOST = "$(BUILT_PRODUCTS_DIR)/A-BLEManager.app/A-BLEManager";
			};
			name = Debug;
		};
		B252DF9B2244F6C7009207E8 /* Release */ = {
			isa = XCBuildConfiguration;
			buildSettings = {
				ALWAYS_EMBED_SWIFT_STANDARD_LIBRARIES = YES;
				BUNDLE_LOADER = "$(TEST_HOST)";
				CODE_SIGN_STYLE = Automatic;
				DEVELOPMENT_TEAM = 42EAQ8DVJ4;
				INFOPLIST_FILE = "A-BLEManagerTests/Info.plist";
				LD_RUNPATH_SEARCH_PATHS = (
					"$(inherited)",
					"@executable_path/Frameworks",
					"@loader_path/Frameworks",
				);
				PRODUCT_BUNDLE_IDENTIFIER = "com.able.A-BLEManagerTests";
				PRODUCT_NAME = "$(TARGET_NAME)";
				SWIFT_VERSION = 4.2;
				TARGETED_DEVICE_FAMILY = "1,2";
				TEST_HOST = "$(BUILT_PRODUCTS_DIR)/A-BLEManager.app/A-BLEManager";
			};
			name = Release;
		};
/* End XCBuildConfiguration section */

/* Begin XCConfigurationList section */
		B252DF742244F6C6009207E8 /* Build configuration list for PBXProject "A-BLEManager" */ = {
			isa = XCConfigurationList;
			buildConfigurations = (
				B252DF942244F6C7009207E8 /* Debug */,
				B252DF952244F6C7009207E8 /* Release */,
			);
			defaultConfigurationIsVisible = 0;
			defaultConfigurationName = Release;
		};
		B252DF962244F6C7009207E8 /* Build configuration list for PBXNativeTarget "A-BLEManager" */ = {
			isa = XCConfigurationList;
			buildConfigurations = (
				B252DF972244F6C7009207E8 /* Debug */,
				B252DF982244F6C7009207E8 /* Release */,
			);
			defaultConfigurationIsVisible = 0;
			defaultConfigurationName = Release;
		};
		B252DF992244F6C7009207E8 /* Build configuration list for PBXNativeTarget "A-BLEManagerTests" */ = {
			isa = XCConfigurationList;
			buildConfigurations = (
				B252DF9A2244F6C7009207E8 /* Debug */,
				B252DF9B2244F6C7009207E8 /* Release */,
			);
			defaultConfigurationIsVisible = 0;
			defaultConfigurationName = Release;
		};
/* End XCConfigurationList section */
	};
	rootObject = B252DF712244F6C6009207E8 /* Project object */;
}
